
Microsoft Visual Studio Solution File, Format Version 12.00
# Visual Studio 15
VisualStudioVersion = 15.0.28307.1062
MinimumVisualStudioVersion = 10.0.40219.1
Project("{FAE04EC0-301F-11D3-BF4B-00C04F79EFBC}") = "MultiLease", "MultiLease\MultiLease.csproj", "{0441B568-300A-44E4-9332-5110EC318F40}"
EndProject
Global
	GlobalSection(SolutionConfigurationPlatforms) = preSolution
		Debug|Any CPU = Debug|Any CPU
		Release|Any CPU = Release|Any CPU
	EndGlobalSection
	GlobalSection(ProjectConfigurationPlatforms) = postSolution
		{0441B568-300A-44E4-9332-5110EC318F40}.Debug|Any CPU.ActiveCfg = Debug|Any CPU
		{0441B568-300A-44E4-9332-5110EC318F40}.Debug|Any CPU.Build.0 = Debug|Any CPU
		{0441B568-300A-44E4-9332-5110EC318F40}.Release|Any CPU.ActiveCfg = Release|Any CPU
		{0441B568-300A-44E4-9332-5110EC318F40}.Release|Any CPU.Build.0 = Release|Any CPU
	EndGlobalSection
	GlobalSection(SolutionProperties) = preSolution
		HideSolutionNode = FALSE
	EndGlobalSection
	GlobalSection(ExtensibilityGlobals) = postSolution
		SolutionGuid = {893FBE3F-9CB1-4714-BAE8-70D1087DC496}
	EndGlobalSection
EndGlobal
